
Microsoft Visual Studio Solution File, Format Version 12.00
# Visual Studio Version 16
VisualStudioVersion = 16.0.30907.101
MinimumVisualStudioVersion = 10.0.40219.1
Project("{FAE04EC0-301F-11D3-BF4B-00C04F79EFBC}") = "MediatorPattern", "MediatorPattern\MediatorPattern.csproj", "{C10426D2-D787-4314-999B-4BEDCCEE8774}"
EndProject
Global
	GlobalSection(SolutionConfigurationPlatforms) = preSolution
		Debug|Any CPU = Debug|Any CPU
		Release|Any CPU = Release|Any CPU
	EndGlobalSection
	GlobalSection(ProjectConfigurationPlatforms) = postSolution
		{C10426D2-D787-4314-999B-4BEDCCEE8774}.Debug|Any CPU.ActiveCfg = Debug|Any CPU
		{C10426D2-D787-4314-999B-4BEDCCEE8774}.Debug|Any CPU.Build.0 = Debug|Any CPU
		{C10426D2-D787-4314-999B-4BEDCCEE8774}.Release|Any CPU.ActiveCfg = Release|Any CPU
		{C10426D2-D787-4314-999B-4BEDCCEE8774}.Release|Any CPU.Build.0 = Release|Any CPU
	EndGlobalSection
	GlobalSection(SolutionProperties) = preSolution
		HideSolutionNode = FALSE
	EndGlobalSection
	GlobalSection(ExtensibilityGlobals) = postSolution
		SolutionGuid = {D2A68D58-12ED-432B-BDAE-E16AB44E486A}
	EndGlobalSection
EndGlobal
